// !$*UTF8*$!
{
	archiveVersion = 1;
	classes = {
	};
	objectVersion = 60;
	objects = {

/* Begin PBXBuildFile section */
		A61308CA2C118171004B35A3 /* MKCoordinateRegion.swift in Sources */ = {isa = PBXBuildFile; fileRef = A61308C92C118171004B35A3 /* MKCoordinateRegion.swift */; };
		A61308CC2C11817D004B35A3 /* Array.swift in Sources */ = {isa = PBXBuildFile; fileRef = A61308CB2C11817D004B35A3 /* Array.swift */; };
		A61308CE2C1210D5004B35A3 /* Checkin+MapKit.swift in Sources */ = {isa = PBXBuildFile; fileRef = A61308CD2C1210D5004B35A3 /* Checkin+MapKit.swift */; };
		A61308D02C1211A8004B35A3 /* CheckinChoosePlaceView.swift in Sources */ = {isa = PBXBuildFile; fileRef = A61308CF2C1211A8004B35A3 /* CheckinChoosePlaceView.swift */; };
		A61308D22C121F6D004B35A3 /* CheckinShowView.swift in Sources */ = {isa = PBXBuildFile; fileRef = A61308D12C121F6D004B35A3 /* CheckinShowView.swift */; };
		A61D9C452C12BC3400422715 /* Client.swift in Sources */ = {isa = PBXBuildFile; fileRef = A61D9C442C12BC3400422715 /* Client.swift */; };
		A61D9C472C12BC8200422715 /* URLSession+Helpers.swift in Sources */ = {isa = PBXBuildFile; fileRef = A61D9C462C12BC8200422715 /* URLSession+Helpers.swift */; };
		A61D9C492C12BD3600422715 /* Syncer.swift in Sources */ = {isa = PBXBuildFile; fileRef = A61D9C482C12BD3600422715 /* Syncer.swift */; };
		A61D9C4C2C12BEC000422715 /* Queue in Frameworks */ = {isa = PBXBuildFile; productRef = A61D9C4B2C12BEC000422715 /* Queue */; };
		A61D9C4E2C12C16600422715 /* WrappedDefault.swift in Sources */ = {isa = PBXBuildFile; fileRef = A61D9C4D2C12C16600422715 /* WrappedDefault.swift */; };
		A64DD77B2C10D25D004FF084 /* LocalCheckin+Wrapper.swift in Sources */ = {isa = PBXBuildFile; fileRef = A64DD77A2C10D25D004FF084 /* LocalCheckin+Wrapper.swift */; };
		A64DD77E2C10D2B9004FF084 /* LibFourskie in Frameworks */ = {isa = PBXBuildFile; productRef = A64DD77D2C10D2B9004FF084 /* LibFourskie */; };
		A65191A52C10D39500884620 /* LocalPlace.swift in Sources */ = {isa = PBXBuildFile; fileRef = A65191A42C10D39500884620 /* LocalPlace.swift */; };
		A65191A72C10D4AE00884620 /* LocalPlace+Wrapper.swift in Sources */ = {isa = PBXBuildFile; fileRef = A65191A62C10D4AE00884620 /* LocalPlace+Wrapper.swift */; };
		A65191A92C10DC2900884620 /* PlaceFinder.swift in Sources */ = {isa = PBXBuildFile; fileRef = A65191A82C10DC2900884620 /* PlaceFinder.swift */; };
		A65191AC2C10DD5C00884620 /* Coordinate+CL.swift in Sources */ = {isa = PBXBuildFile; fileRef = A65191AB2C10DD5C00884620 /* Coordinate+CL.swift */; };
		A65191AE2C10E0A800884620 /* MKCoordinateSpan+Constants.swift in Sources */ = {isa = PBXBuildFile; fileRef = A65191AD2C10E0A800884620 /* MKCoordinateSpan+Constants.swift */; };
		A65191B22C10F50900884620 /* MKPointOfInterestCategory+Conversion.swift in Sources */ = {isa = PBXBuildFile; fileRef = A65191B12C10F50900884620 /* MKPointOfInterestCategory+Conversion.swift */; };
		A65191B42C11016000884620 /* ManualCheckinPlaceCellView.swift in Sources */ = {isa = PBXBuildFile; fileRef = A65191B32C11016000884620 /* ManualCheckinPlaceCellView.swift */; };
		A65191B62C11030E00884620 /* PlaceListView.swift in Sources */ = {isa = PBXBuildFile; fileRef = A65191B52C11030E00884620 /* PlaceListView.swift */; };
		A65191B82C11072000884620 /* LockAttribute.swift in Sources */ = {isa = PBXBuildFile; fileRef = A65191B72C11072000884620 /* LockAttribute.swift */; };
		A65191BA2C11072E00884620 /* Debouncer.swift in Sources */ = {isa = PBXBuildFile; fileRef = A65191B92C11072E00884620 /* Debouncer.swift */; };
		A65191BC2C11113E00884620 /* ManualCheckinFinishView.swift in Sources */ = {isa = PBXBuildFile; fileRef = A65191BB2C11113E00884620 /* ManualCheckinFinishView.swift */; };
		A65191BE2C1112AE00884620 /* Place+CL.swift in Sources */ = {isa = PBXBuildFile; fileRef = A65191BD2C1112AE00884620 /* Place+CL.swift */; };
		A65791082C1116BC00D2273A /* ManualCheckinChoosePlaceView.swift in Sources */ = {isa = PBXBuildFile; fileRef = A65791072C1116BC00D2273A /* ManualCheckinChoosePlaceView.swift */; };
		A657910A2C11225200D2273A /* ModelContext.swift in Sources */ = {isa = PBXBuildFile; fileRef = A65791092C11225200D2273A /* ModelContext.swift */; };
		A657910C2C1124C900D2273A /* DragDismissable.swift in Sources */ = {isa = PBXBuildFile; fileRef = A657910B2C1124C900D2273A /* DragDismissable.swift */; };
		A657910E2C11252A00D2273A /* ErrorOverlay.swift in Sources */ = {isa = PBXBuildFile; fileRef = A657910D2C11252A00D2273A /* ErrorOverlay.swift */; };
		A65791102C112AF700D2273A /* PreviewsWrapper.swift in Sources */ = {isa = PBXBuildFile; fileRef = A657910F2C112AF700D2273A /* PreviewsWrapper.swift */; };
		A65791122C112C3200D2273A /* CheckinCellView.swift in Sources */ = {isa = PBXBuildFile; fileRef = A65791112C112C3200D2273A /* CheckinCellView.swift */; };
		A65791142C1170D200D2273A /* String.swift in Sources */ = {isa = PBXBuildFile; fileRef = A65791132C1170D200D2273A /* String.swift */; };
		A6901ED12C1299D1002F4764 /* SharedWrapper+SwiftData.swift in Sources */ = {isa = PBXBuildFile; fileRef = A6901ED02C1299D1002F4764 /* SharedWrapper+SwiftData.swift */; };
		A6901ED32C12B4B7002F4764 /* Int+Formatting.swift in Sources */ = {isa = PBXBuildFile; fileRef = A6901ED22C12B4B7002F4764 /* Int+Formatting.swift */; };
		A6901ED52C12B87B002F4764 /* Styles.swift in Sources */ = {isa = PBXBuildFile; fileRef = A6901ED42C12B87B002F4764 /* Styles.swift */; };
		A6D11D4E2C0FD4A800349B05 /* LocationListener.swift in Sources */ = {isa = PBXBuildFile; fileRef = A6D11D4D2C0FD4A800349B05 /* LocationListener.swift */; };
		A6D11D512C0FD4C200349B05 /* LocalCheckin.swift in Sources */ = {isa = PBXBuildFile; fileRef = A6D11D502C0FD4C200349B05 /* LocalCheckin.swift */; };
		A6D11D542C0FD57100349B05 /* GrantPermissionsView.swift in Sources */ = {isa = PBXBuildFile; fileRef = A6D11D532C0FD57100349B05 /* GrantPermissionsView.swift */; };
		A6D11D562C0FD75B00349B05 /* HomeView.swift in Sources */ = {isa = PBXBuildFile; fileRef = A6D11D552C0FD75B00349B05 /* HomeView.swift */; };
		A6D11D592C0FD81200349B05 /* DiskLogger.swift in Sources */ = {isa = PBXBuildFile; fileRef = A6D11D582C0FD81200349B05 /* DiskLogger.swift */; };
		A6D11D5B2C0FE9F700349B05 /* SettingsView.swift in Sources */ = {isa = PBXBuildFile; fileRef = A6D11D5A2C0FE9F700349B05 /* SettingsView.swift */; };
		A6D11D5D2C0FF14700349B05 /* ModelContainer.swift in Sources */ = {isa = PBXBuildFile; fileRef = A6D11D5C2C0FF14700349B05 /* ModelContainer.swift */; };
		A6D11D5F2C1004C900349B05 /* CheckinListView.swift in Sources */ = {isa = PBXBuildFile; fileRef = A6D11D5E2C1004C900349B05 /* CheckinListView.swift */; };
		A6D11D612C10063800349B05 /* FourskieCoordinator.swift in Sources */ = {isa = PBXBuildFile; fileRef = A6D11D602C10063800349B05 /* FourskieCoordinator.swift */; };
		A6D11D632C10140E00349B05 /* ManualCheckinView.swift in Sources */ = {isa = PBXBuildFile; fileRef = A6D11D622C10140E00349B05 /* ManualCheckinView.swift */; };
		A6E649F42C0ACEFE00553F10 /* FourskieApp.swift in Sources */ = {isa = PBXBuildFile; fileRef = A6E649F32C0ACEFE00553F10 /* FourskieApp.swift */; };
		A6E649F62C0ACEFE00553F10 /* ContentView.swift in Sources */ = {isa = PBXBuildFile; fileRef = A6E649F52C0ACEFE00553F10 /* ContentView.swift */; };
		A6E649FA2C0ACEFF00553F10 /* Assets.xcassets in Resources */ = {isa = PBXBuildFile; fileRef = A6E649F92C0ACEFF00553F10 /* Assets.xcassets */; };
		A6E649FD2C0ACEFF00553F10 /* Preview Assets.xcassets in Resources */ = {isa = PBXBuildFile; fileRef = A6E649FC2C0ACEFF00553F10 /* Preview Assets.xcassets */; };
		A6E64A072C0ACEFF00553F10 /* FourskieTests.swift in Sources */ = {isa = PBXBuildFile; fileRef = A6E64A062C0ACEFF00553F10 /* FourskieTests.swift */; };
		A6E64A112C0ACEFF00553F10 /* FourskieUITests.swift in Sources */ = {isa = PBXBuildFile; fileRef = A6E64A102C0ACEFF00553F10 /* FourskieUITests.swift */; };
		A6E64A132C0ACEFF00553F10 /* FourskieUITestsLaunchTests.swift in Sources */ = {isa = PBXBuildFile; fileRef = A6E64A122C0ACEFF00553F10 /* FourskieUITestsLaunchTests.swift */; };
/* End PBXBuildFile section */

/* Begin PBXContainerItemProxy section */
		A6E64A032C0ACEFF00553F10 /* PBXContainerItemProxy */ = {
			isa = PBXContainerItemProxy;
			containerPortal = A6E649E82C0ACEFE00553F10 /* Project object */;
			proxyType = 1;
			remoteGlobalIDString = A6E649EF2C0ACEFE00553F10;
			remoteInfo = Fourskie;
		};
		A6E64A0D2C0ACEFF00553F10 /* PBXContainerItemProxy */ = {
			isa = PBXContainerItemProxy;
			containerPortal = A6E649E82C0ACEFE00553F10 /* Project object */;
			proxyType = 1;
			remoteGlobalIDString = A6E649EF2C0ACEFE00553F10;
			remoteInfo = Fourskie;
		};
/* End PBXContainerItemProxy section */

/* Begin PBXFileReference section */
		A61308C92C118171004B35A3 /* MKCoordinateRegion.swift */ = {isa = PBXFileReference; lastKnownFileType = sourcecode.swift; path = MKCoordinateRegion.swift; sourceTree = "<group>"; };
		A61308CB2C11817D004B35A3 /* Array.swift */ = {isa = PBXFileReference; lastKnownFileType = sourcecode.swift; path = Array.swift; sourceTree = "<group>"; };
		A61308CD2C1210D5004B35A3 /* Checkin+MapKit.swift */ = {isa = PBXFileReference; lastKnownFileType = sourcecode.swift; path = "Checkin+MapKit.swift"; sourceTree = "<group>"; };
		A61308CF2C1211A8004B35A3 /* CheckinChoosePlaceView.swift */ = {isa = PBXFileReference; lastKnownFileType = sourcecode.swift; path = CheckinChoosePlaceView.swift; sourceTree = "<group>"; };
		A61308D12C121F6D004B35A3 /* CheckinShowView.swift */ = {isa = PBXFileReference; lastKnownFileType = sourcecode.swift; path = CheckinShowView.swift; sourceTree = "<group>"; };
		A61D9C442C12BC3400422715 /* Client.swift */ = {isa = PBXFileReference; lastKnownFileType = sourcecode.swift; path = Client.swift; sourceTree = "<group>"; };
		A61D9C462C12BC8200422715 /* URLSession+Helpers.swift */ = {isa = PBXFileReference; lastKnownFileType = sourcecode.swift; path = "URLSession+Helpers.swift"; sourceTree = "<group>"; };
		A61D9C482C12BD3600422715 /* Syncer.swift */ = {isa = PBXFileReference; lastKnownFileType = sourcecode.swift; path = Syncer.swift; sourceTree = "<group>"; };
		A61D9C4D2C12C16600422715 /* WrappedDefault.swift */ = {isa = PBXFileReference; lastKnownFileType = sourcecode.swift; path = WrappedDefault.swift; sourceTree = "<group>"; };
		A64DD77A2C10D25D004FF084 /* LocalCheckin+Wrapper.swift */ = {isa = PBXFileReference; lastKnownFileType = sourcecode.swift; path = "LocalCheckin+Wrapper.swift"; sourceTree = "<group>"; };
		A65191A42C10D39500884620 /* LocalPlace.swift */ = {isa = PBXFileReference; lastKnownFileType = sourcecode.swift; path = LocalPlace.swift; sourceTree = "<group>"; };
		A65191A62C10D4AE00884620 /* LocalPlace+Wrapper.swift */ = {isa = PBXFileReference; lastKnownFileType = sourcecode.swift; path = "LocalPlace+Wrapper.swift"; sourceTree = "<group>"; };
		A65191A82C10DC2900884620 /* PlaceFinder.swift */ = {isa = PBXFileReference; lastKnownFileType = sourcecode.swift; path = PlaceFinder.swift; sourceTree = "<group>"; };
		A65191AB2C10DD5C00884620 /* Coordinate+CL.swift */ = {isa = PBXFileReference; lastKnownFileType = sourcecode.swift; path = "Coordinate+CL.swift"; sourceTree = "<group>"; };
		A65191AD2C10E0A800884620 /* MKCoordinateSpan+Constants.swift */ = {isa = PBXFileReference; lastKnownFileType = sourcecode.swift; path = "MKCoordinateSpan+Constants.swift"; sourceTree = "<group>"; };
		A65191B12C10F50900884620 /* MKPointOfInterestCategory+Conversion.swift */ = {isa = PBXFileReference; lastKnownFileType = sourcecode.swift; path = "MKPointOfInterestCategory+Conversion.swift"; sourceTree = "<group>"; };
		A65191B32C11016000884620 /* ManualCheckinPlaceCellView.swift */ = {isa = PBXFileReference; lastKnownFileType = sourcecode.swift; path = ManualCheckinPlaceCellView.swift; sourceTree = "<group>"; };
		A65191B52C11030E00884620 /* PlaceListView.swift */ = {isa = PBXFileReference; lastKnownFileType = sourcecode.swift; path = PlaceListView.swift; sourceTree = "<group>"; };
		A65191B72C11072000884620 /* LockAttribute.swift */ = {isa = PBXFileReference; lastKnownFileType = sourcecode.swift; path = LockAttribute.swift; sourceTree = "<group>"; };
		A65191B92C11072E00884620 /* Debouncer.swift */ = {isa = PBXFileReference; lastKnownFileType = sourcecode.swift; path = Debouncer.swift; sourceTree = "<group>"; };
		A65191BB2C11113E00884620 /* ManualCheckinFinishView.swift */ = {isa = PBXFileReference; lastKnownFileType = sourcecode.swift; path = ManualCheckinFinishView.swift; sourceTree = "<group>"; };
		A65191BD2C1112AE00884620 /* Place+CL.swift */ = {isa = PBXFileReference; lastKnownFileType = sourcecode.swift; path = "Place+CL.swift"; sourceTree = "<group>"; };
		A65791072C1116BC00D2273A /* ManualCheckinChoosePlaceView.swift */ = {isa = PBXFileReference; fileEncoding = 4; lastKnownFileType = sourcecode.swift; path = ManualCheckinChoosePlaceView.swift; sourceTree = "<group>"; };
		A65791092C11225200D2273A /* ModelContext.swift */ = {isa = PBXFileReference; lastKnownFileType = sourcecode.swift; path = ModelContext.swift; sourceTree = "<group>"; };
		A657910B2C1124C900D2273A /* DragDismissable.swift */ = {isa = PBXFileReference; lastKnownFileType = sourcecode.swift; path = DragDismissable.swift; sourceTree = "<group>"; };
		A657910D2C11252A00D2273A /* ErrorOverlay.swift */ = {isa = PBXFileReference; lastKnownFileType = sourcecode.swift; path = ErrorOverlay.swift; sourceTree = "<group>"; };
		A657910F2C112AF700D2273A /* PreviewsWrapper.swift */ = {isa = PBXFileReference; lastKnownFileType = sourcecode.swift; path = PreviewsWrapper.swift; sourceTree = "<group>"; };
		A65791112C112C3200D2273A /* CheckinCellView.swift */ = {isa = PBXFileReference; lastKnownFileType = sourcecode.swift; path = CheckinCellView.swift; sourceTree = "<group>"; };
		A65791132C1170D200D2273A /* String.swift */ = {isa = PBXFileReference; lastKnownFileType = sourcecode.swift; path = String.swift; sourceTree = "<group>"; };
		A6901ED02C1299D1002F4764 /* SharedWrapper+SwiftData.swift */ = {isa = PBXFileReference; lastKnownFileType = sourcecode.swift; path = "SharedWrapper+SwiftData.swift"; sourceTree = "<group>"; };
		A6901ED22C12B4B7002F4764 /* Int+Formatting.swift */ = {isa = PBXFileReference; lastKnownFileType = sourcecode.swift; path = "Int+Formatting.swift"; sourceTree = "<group>"; };
		A6901ED42C12B87B002F4764 /* Styles.swift */ = {isa = PBXFileReference; lastKnownFileType = sourcecode.swift; path = Styles.swift; sourceTree = "<group>"; };
		A6D11D4C2C0FA36D00349B05 /* Info.plist */ = {isa = PBXFileReference; lastKnownFileType = text.plist; path = Info.plist; sourceTree = "<group>"; };
		A6D11D4D2C0FD4A800349B05 /* LocationListener.swift */ = {isa = PBXFileReference; lastKnownFileType = sourcecode.swift; path = LocationListener.swift; sourceTree = "<group>"; };
		A6D11D502C0FD4C200349B05 /* LocalCheckin.swift */ = {isa = PBXFileReference; lastKnownFileType = sourcecode.swift; path = LocalCheckin.swift; sourceTree = "<group>"; };
		A6D11D532C0FD57100349B05 /* GrantPermissionsView.swift */ = {isa = PBXFileReference; lastKnownFileType = sourcecode.swift; path = GrantPermissionsView.swift; sourceTree = "<group>"; };
		A6D11D552C0FD75B00349B05 /* HomeView.swift */ = {isa = PBXFileReference; lastKnownFileType = sourcecode.swift; path = HomeView.swift; sourceTree = "<group>"; };
		A6D11D582C0FD81200349B05 /* DiskLogger.swift */ = {isa = PBXFileReference; lastKnownFileType = sourcecode.swift; path = DiskLogger.swift; sourceTree = "<group>"; };
		A6D11D5A2C0FE9F700349B05 /* SettingsView.swift */ = {isa = PBXFileReference; lastKnownFileType = sourcecode.swift; path = SettingsView.swift; sourceTree = "<group>"; };
		A6D11D5C2C0FF14700349B05 /* ModelContainer.swift */ = {isa = PBXFileReference; lastKnownFileType = sourcecode.swift; path = ModelContainer.swift; sourceTree = "<group>"; };
		A6D11D5E2C1004C900349B05 /* CheckinListView.swift */ = {isa = PBXFileReference; lastKnownFileType = sourcecode.swift; path = CheckinListView.swift; sourceTree = "<group>"; };
		A6D11D602C10063800349B05 /* FourskieCoordinator.swift */ = {isa = PBXFileReference; lastKnownFileType = sourcecode.swift; path = FourskieCoordinator.swift; sourceTree = "<group>"; };
		A6D11D622C10140E00349B05 /* ManualCheckinView.swift */ = {isa = PBXFileReference; lastKnownFileType = sourcecode.swift; path = ManualCheckinView.swift; sourceTree = "<group>"; };
		A6D11D642C10CB1E00349B05 /* FourskieServer */ = {isa = PBXFileReference; lastKnownFileType = wrapper; path = FourskieServer; sourceTree = "<group>"; };
		A6E649F02C0ACEFE00553F10 /* Fourskie.app */ = {isa = PBXFileReference; explicitFileType = wrapper.application; includeInIndex = 0; path = Fourskie.app; sourceTree = BUILT_PRODUCTS_DIR; };
		A6E649F32C0ACEFE00553F10 /* FourskieApp.swift */ = {isa = PBXFileReference; lastKnownFileType = sourcecode.swift; path = FourskieApp.swift; sourceTree = "<group>"; };
		A6E649F52C0ACEFE00553F10 /* ContentView.swift */ = {isa = PBXFileReference; lastKnownFileType = sourcecode.swift; path = ContentView.swift; sourceTree = "<group>"; };
		A6E649F92C0ACEFF00553F10 /* Assets.xcassets */ = {isa = PBXFileReference; lastKnownFileType = folder.assetcatalog; path = Assets.xcassets; sourceTree = "<group>"; };
		A6E649FC2C0ACEFF00553F10 /* Preview Assets.xcassets */ = {isa = PBXFileReference; lastKnownFileType = folder.assetcatalog; path = "Preview Assets.xcassets"; sourceTree = "<group>"; };
		A6E64A022C0ACEFF00553F10 /* FourskieTests.xctest */ = {isa = PBXFileReference; explicitFileType = wrapper.cfbundle; includeInIndex = 0; path = FourskieTests.xctest; sourceTree = BUILT_PRODUCTS_DIR; };
		A6E64A062C0ACEFF00553F10 /* FourskieTests.swift */ = {isa = PBXFileReference; lastKnownFileType = sourcecode.swift; path = FourskieTests.swift; sourceTree = "<group>"; };
		A6E64A0C2C0ACEFF00553F10 /* FourskieUITests.xctest */ = {isa = PBXFileReference; explicitFileType = wrapper.cfbundle; includeInIndex = 0; path = FourskieUITests.xctest; sourceTree = BUILT_PRODUCTS_DIR; };
		A6E64A102C0ACEFF00553F10 /* FourskieUITests.swift */ = {isa = PBXFileReference; lastKnownFileType = sourcecode.swift; path = FourskieUITests.swift; sourceTree = "<group>"; };
		A6E64A122C0ACEFF00553F10 /* FourskieUITestsLaunchTests.swift */ = {isa = PBXFileReference; lastKnownFileType = sourcecode.swift; path = FourskieUITestsLaunchTests.swift; sourceTree = "<group>"; };
/* End PBXFileReference section */

/* Begin PBXFrameworksBuildPhase section */
		A6E649ED2C0ACEFE00553F10 /* Frameworks */ = {
			isa = PBXFrameworksBuildPhase;
			buildActionMask = 2147483647;
			files = (
				A61D9C4C2C12BEC000422715 /* Queue in Frameworks */,
				A64DD77E2C10D2B9004FF084 /* LibFourskie in Frameworks */,
			);
			runOnlyForDeploymentPostprocessing = 0;
		};
		A6E649FF2C0ACEFF00553F10 /* Frameworks */ = {
			isa = PBXFrameworksBuildPhase;
			buildActionMask = 2147483647;
			files = (
			);
			runOnlyForDeploymentPostprocessing = 0;
		};
		A6E64A092C0ACEFF00553F10 /* Frameworks */ = {
			isa = PBXFrameworksBuildPhase;
			buildActionMask = 2147483647;
			files = (
			);
			runOnlyForDeploymentPostprocessing = 0;
		};
/* End PBXFrameworksBuildPhase section */

/* Begin PBXGroup section */
		A61D9C432C12BC2B00422715 /* Sync */ = {
			isa = PBXGroup;
			children = (
				A61D9C442C12BC3400422715 /* Client.swift */,
				A61D9C482C12BD3600422715 /* Syncer.swift */,
			);
			path = Sync;
			sourceTree = "<group>";
		};
		A65191AA2C10DD5500884620 /* Extensions */ = {
			isa = PBXGroup;
			children = (
				A65191AB2C10DD5C00884620 /* Coordinate+CL.swift */,
				A65191AD2C10E0A800884620 /* MKCoordinateSpan+Constants.swift */,
				A65191B12C10F50900884620 /* MKPointOfInterestCategory+Conversion.swift */,
				A65191BD2C1112AE00884620 /* Place+CL.swift */,
				A61308CD2C1210D5004B35A3 /* Checkin+MapKit.swift */,
				A61308C92C118171004B35A3 /* MKCoordinateRegion.swift */,
				A61308CB2C11817D004B35A3 /* Array.swift */,
				A65791092C11225200D2273A /* ModelContext.swift */,
				A65791132C1170D200D2273A /* String.swift */,
				A6901ED02C1299D1002F4764 /* SharedWrapper+SwiftData.swift */,
				A6901ED22C12B4B7002F4764 /* Int+Formatting.swift */,
				A61D9C462C12BC8200422715 /* URLSession+Helpers.swift */,
			);
			path = Extensions;
			sourceTree = "<group>";
		};
		A6D11D4F2C0FD4BB00349B05 /* Model */ = {
			isa = PBXGroup;
			children = (
				A6D11D502C0FD4C200349B05 /* LocalCheckin.swift */,
				A64DD77A2C10D25D004FF084 /* LocalCheckin+Wrapper.swift */,
				A65191A42C10D39500884620 /* LocalPlace.swift */,
				A65191A62C10D4AE00884620 /* LocalPlace+Wrapper.swift */,
				A6D11D4D2C0FD4A800349B05 /* LocationListener.swift */,
				A6D11D5C2C0FF14700349B05 /* ModelContainer.swift */,
				A65191A82C10DC2900884620 /* PlaceFinder.swift */,
			);
			path = Model;
			sourceTree = "<group>";
		};
		A6D11D522C0FD56100349B05 /* Views */ = {
			isa = PBXGroup;
			children = (
				A6E649F52C0ACEFE00553F10 /* ContentView.swift */,
				A657910D2C11252A00D2273A /* ErrorOverlay.swift */,
				A6D11D552C0FD75B00349B05 /* HomeView.swift */,
				A6D11D532C0FD57100349B05 /* GrantPermissionsView.swift */,
				A657910F2C112AF700D2273A /* PreviewsWrapper.swift */,
				A6D11D5A2C0FE9F700349B05 /* SettingsView.swift */,
				A6D11D622C10140E00349B05 /* ManualCheckinView.swift */,
				A65791072C1116BC00D2273A /* ManualCheckinChoosePlaceView.swift */,
				A65191B32C11016000884620 /* ManualCheckinPlaceCellView.swift */,
				A65191BB2C11113E00884620 /* ManualCheckinFinishView.swift */,
				A6D11D5E2C1004C900349B05 /* CheckinListView.swift */,
				A65791112C112C3200D2273A /* CheckinCellView.swift */,
				A61308D12C121F6D004B35A3 /* CheckinShowView.swift */,
				A65191B52C11030E00884620 /* PlaceListView.swift */,
				A61308CF2C1211A8004B35A3 /* CheckinChoosePlaceView.swift */,
				A6901ED42C12B87B002F4764 /* Styles.swift */,
			);
			path = Views;
			sourceTree = "<group>";
		};
		A6D11D572C0FD80E00349B05 /* Util */ = {
			isa = PBXGroup;
			children = (
				A6D11D582C0FD81200349B05 /* DiskLogger.swift */,
				A65191B72C11072000884620 /* LockAttribute.swift */,
				A65191B92C11072E00884620 /* Debouncer.swift */,
				A657910B2C1124C900D2273A /* DragDismissable.swift */,
				A61D9C4D2C12C16600422715 /* WrappedDefault.swift */,
			);
			path = Util;
			sourceTree = "<group>";
		};
		A6E649E72C0ACEFE00553F10 = {
			isa = PBXGroup;
			children = (
				A6D11D642C10CB1E00349B05 /* FourskieServer */,
				A6E649F22C0ACEFE00553F10 /* Fourskie */,
				A6E64A052C0ACEFF00553F10 /* FourskieTests */,
				A6E64A0F2C0ACEFF00553F10 /* FourskieUITests */,
				A6E649F12C0ACEFE00553F10 /* Products */,
			);
			sourceTree = "<group>";
		};
		A6E649F12C0ACEFE00553F10 /* Products */ = {
			isa = PBXGroup;
			children = (
				A6E649F02C0ACEFE00553F10 /* Fourskie.app */,
				A6E64A022C0ACEFF00553F10 /* FourskieTests.xctest */,
				A6E64A0C2C0ACEFF00553F10 /* FourskieUITests.xctest */,
			);
			name = Products;
			sourceTree = "<group>";
		};
		A6E649F22C0ACEFE00553F10 /* Fourskie */ = {
			isa = PBXGroup;
			children = (
				A61D9C432C12BC2B00422715 /* Sync */,
				A65191AA2C10DD5500884620 /* Extensions */,
				A6D11D572C0FD80E00349B05 /* Util */,
				A6D11D4C2C0FA36D00349B05 /* Info.plist */,
				A6E649F32C0ACEFE00553F10 /* FourskieApp.swift */,
				A6D11D4F2C0FD4BB00349B05 /* Model */,
				A6D11D522C0FD56100349B05 /* Views */,
				A6E649F92C0ACEFF00553F10 /* Assets.xcassets */,
				A6D11D602C10063800349B05 /* FourskieCoordinator.swift */,
				A6E649FB2C0ACEFF00553F10 /* Preview Content */,
			);
			path = Fourskie;
			sourceTree = "<group>";
		};
		A6E649FB2C0ACEFF00553F10 /* Preview Content */ = {
			isa = PBXGroup;
			children = (
				A6E649FC2C0ACEFF00553F10 /* Preview Assets.xcassets */,
			);
			path = "Preview Content";
			sourceTree = "<group>";
		};
		A6E64A052C0ACEFF00553F10 /* FourskieTests */ = {
			isa = PBXGroup;
			children = (
				A6E64A062C0ACEFF00553F10 /* FourskieTests.swift */,
			);
			path = FourskieTests;
			sourceTree = "<group>";
		};
		A6E64A0F2C0ACEFF00553F10 /* FourskieUITests */ = {
			isa = PBXGroup;
			children = (
				A6E64A102C0ACEFF00553F10 /* FourskieUITests.swift */,
				A6E64A122C0ACEFF00553F10 /* FourskieUITestsLaunchTests.swift */,
			);
			path = FourskieUITests;
			sourceTree = "<group>";
		};
/* End PBXGroup section */

/* Begin PBXNativeTarget section */
		A6E649EF2C0ACEFE00553F10 /* Fourskie */ = {
			isa = PBXNativeTarget;
			buildConfigurationList = A6E64A162C0ACEFF00553F10 /* Build configuration list for PBXNativeTarget "Fourskie" */;
			buildPhases = (
				A6E649EC2C0ACEFE00553F10 /* Sources */,
				A6E649ED2C0ACEFE00553F10 /* Frameworks */,
				A6E649EE2C0ACEFE00553F10 /* Resources */,
			);
			buildRules = (
			);
			dependencies = (
			);
			name = Fourskie;
			packageProductDependencies = (
				A64DD77D2C10D2B9004FF084 /* LibFourskie */,
				A61D9C4B2C12BEC000422715 /* Queue */,
			);
			productName = Fourskie;
			productReference = A6E649F02C0ACEFE00553F10 /* Fourskie.app */;
			productType = "com.apple.product-type.application";
		};
		A6E64A012C0ACEFF00553F10 /* FourskieTests */ = {
			isa = PBXNativeTarget;
			buildConfigurationList = A6E64A192C0ACEFF00553F10 /* Build configuration list for PBXNativeTarget "FourskieTests" */;
			buildPhases = (
				A6E649FE2C0ACEFF00553F10 /* Sources */,
				A6E649FF2C0ACEFF00553F10 /* Frameworks */,
				A6E64A002C0ACEFF00553F10 /* Resources */,
			);
			buildRules = (
			);
			dependencies = (
				A6E64A042C0ACEFF00553F10 /* PBXTargetDependency */,
			);
			name = FourskieTests;
			productName = FourskieTests;
			productReference = A6E64A022C0ACEFF00553F10 /* FourskieTests.xctest */;
			productType = "com.apple.product-type.bundle.unit-test";
		};
		A6E64A0B2C0ACEFF00553F10 /* FourskieUITests */ = {
			isa = PBXNativeTarget;
			buildConfigurationList = A6E64A1C2C0ACEFF00553F10 /* Build configuration list for PBXNativeTarget "FourskieUITests" */;
			buildPhases = (
				A6E64A082C0ACEFF00553F10 /* Sources */,
				A6E64A092C0ACEFF00553F10 /* Frameworks */,
				A6E64A0A2C0ACEFF00553F10 /* Resources */,
			);
			buildRules = (
			);
			dependencies = (
				A6E64A0E2C0ACEFF00553F10 /* PBXTargetDependency */,
			);
			name = FourskieUITests;
			productName = FourskieUITests;
			productReference = A6E64A0C2C0ACEFF00553F10 /* FourskieUITests.xctest */;
			productType = "com.apple.product-type.bundle.ui-testing";
		};
/* End PBXNativeTarget section */

/* Begin PBXProject section */
		A6E649E82C0ACEFE00553F10 /* Project object */ = {
			isa = PBXProject;
			attributes = {
				BuildIndependentTargetsInParallel = 1;
				LastSwiftUpdateCheck = 1540;
				LastUpgradeCheck = 1540;
				TargetAttributes = {
					A6E649EF2C0ACEFE00553F10 = {
						CreatedOnToolsVersion = 15.4;
					};
					A6E64A012C0ACEFF00553F10 = {
						CreatedOnToolsVersion = 15.4;
						TestTargetID = A6E649EF2C0ACEFE00553F10;
					};
					A6E64A0B2C0ACEFF00553F10 = {
						CreatedOnToolsVersion = 15.4;
						TestTargetID = A6E649EF2C0ACEFE00553F10;
					};
				};
			};
			buildConfigurationList = A6E649EB2C0ACEFE00553F10 /* Build configuration list for PBXProject "Fourskie" */;
			compatibilityVersion = "Xcode 14.0";
			developmentRegion = en;
			hasScannedForEncodings = 0;
			knownRegions = (
				en,
				Base,
			);
			mainGroup = A6E649E72C0ACEFE00553F10;
			packageReferences = (
				A64DD77C2C10D2B9004FF084 /* XCLocalSwiftPackageReference "FourskieServer" */,
				A61D9C4A2C12BEC000422715 /* XCRemoteSwiftPackageReference "Queue" */,
			);
			productRefGroup = A6E649F12C0ACEFE00553F10 /* Products */;
			projectDirPath = "";
			projectRoot = "";
			targets = (
				A6E649EF2C0ACEFE00553F10 /* Fourskie */,
				A6E64A012C0ACEFF00553F10 /* FourskieTests */,
				A6E64A0B2C0ACEFF00553F10 /* FourskieUITests */,
			);
		};
/* End PBXProject section */

/* Begin PBXResourcesBuildPhase section */
		A6E649EE2C0ACEFE00553F10 /* Resources */ = {
			isa = PBXResourcesBuildPhase;
			buildActionMask = 2147483647;
			files = (
				A6E649FD2C0ACEFF00553F10 /* Preview Assets.xcassets in Resources */,
				A6E649FA2C0ACEFF00553F10 /* Assets.xcassets in Resources */,
			);
			runOnlyForDeploymentPostprocessing = 0;
		};
		A6E64A002C0ACEFF00553F10 /* Resources */ = {
			isa = PBXResourcesBuildPhase;
			buildActionMask = 2147483647;
			files = (
			);
			runOnlyForDeploymentPostprocessing = 0;
		};
		A6E64A0A2C0ACEFF00553F10 /* Resources */ = {
			isa = PBXResourcesBuildPhase;
			buildActionMask = 2147483647;
			files = (
			);
			runOnlyForDeploymentPostprocessing = 0;
		};
/* End PBXResourcesBuildPhase section */

/* Begin PBXSourcesBuildPhase section */
		A6E649EC2C0ACEFE00553F10 /* Sources */ = {
			isa = PBXSourcesBuildPhase;
			buildActionMask = 2147483647;
			files = (
				A6D11D632C10140E00349B05 /* ManualCheckinView.swift in Sources */,
				A657910E2C11252A00D2273A /* ErrorOverlay.swift in Sources */,
				A65791082C1116BC00D2273A /* ManualCheckinChoosePlaceView.swift in Sources */,
				A61308CC2C11817D004B35A3 /* Array.swift in Sources */,
				A657910C2C1124C900D2273A /* DragDismissable.swift in Sources */,
				A65191BE2C1112AE00884620 /* Place+CL.swift in Sources */,
				A6D11D4E2C0FD4A800349B05 /* LocationListener.swift in Sources */,
				A6E649F62C0ACEFE00553F10 /* ContentView.swift in Sources */,
				A61D9C452C12BC3400422715 /* Client.swift in Sources */,
				A6D11D592C0FD81200349B05 /* DiskLogger.swift in Sources */,
				A61308D02C1211A8004B35A3 /* CheckinChoosePlaceView.swift in Sources */,
				A6901ED32C12B4B7002F4764 /* Int+Formatting.swift in Sources */,
				A6901ED52C12B87B002F4764 /* Styles.swift in Sources */,
				A65191AC2C10DD5C00884620 /* Coordinate+CL.swift in Sources */,
				A65191B22C10F50900884620 /* MKPointOfInterestCategory+Conversion.swift in Sources */,
				A61308D22C121F6D004B35A3 /* CheckinShowView.swift in Sources */,
				A65791122C112C3200D2273A /* CheckinCellView.swift in Sources */,
				A6E649F42C0ACEFE00553F10 /* FourskieApp.swift in Sources */,
				A61308CE2C1210D5004B35A3 /* Checkin+MapKit.swift in Sources */,
				A6D11D612C10063800349B05 /* FourskieCoordinator.swift in Sources */,
				A65191BC2C11113E00884620 /* ManualCheckinFinishView.swift in Sources */,
				A65191B42C11016000884620 /* ManualCheckinPlaceCellView.swift in Sources */,
				A64DD77B2C10D25D004FF084 /* LocalCheckin+Wrapper.swift in Sources */,
				A65191A72C10D4AE00884620 /* LocalPlace+Wrapper.swift in Sources */,
				A65191AE2C10E0A800884620 /* MKCoordinateSpan+Constants.swift in Sources */,
				A65191A52C10D39500884620 /* LocalPlace.swift in Sources */,
				A6D11D562C0FD75B00349B05 /* HomeView.swift in Sources */,
				A6D11D5B2C0FE9F700349B05 /* SettingsView.swift in Sources */,
				A65191B62C11030E00884620 /* PlaceListView.swift in Sources */,
				A65191BA2C11072E00884620 /* Debouncer.swift in Sources */,
				A6D11D512C0FD4C200349B05 /* LocalCheckin.swift in Sources */,
				A6901ED12C1299D1002F4764 /* SharedWrapper+SwiftData.swift in Sources */,
				A65191B82C11072000884620 /* LockAttribute.swift in Sources */,
				A65791102C112AF700D2273A /* PreviewsWrapper.swift in Sources */,
				A6D11D5D2C0FF14700349B05 /* ModelContainer.swift in Sources */,
				A61D9C4E2C12C16600422715 /* WrappedDefault.swift in Sources */,
				A6D11D5F2C1004C900349B05 /* CheckinListView.swift in Sources */,
				A65191A92C10DC2900884620 /* PlaceFinder.swift in Sources */,
				A6D11D542C0FD57100349B05 /* GrantPermissionsView.swift in Sources */,
				A61D9C472C12BC8200422715 /* URLSession+Helpers.swift in Sources */,
				A65791142C1170D200D2273A /* String.swift in Sources */,
				A61D9C492C12BD3600422715 /* Syncer.swift in Sources */,
				A657910A2C11225200D2273A /* ModelContext.swift in Sources */,
				A61308CA2C118171004B35A3 /* MKCoordinateRegion.swift in Sources */,
			);
			runOnlyForDeploymentPostprocessing = 0;
		};
		A6E649FE2C0ACEFF00553F10 /* Sources */ = {
			isa = PBXSourcesBuildPhase;
			buildActionMask = 2147483647;
			files = (
				A6E64A072C0ACEFF00553F10 /* FourskieTests.swift in Sources */,
			);
			runOnlyForDeploymentPostprocessing = 0;
		};
		A6E64A082C0ACEFF00553F10 /* Sources */ = {
			isa = PBXSourcesBuildPhase;
			buildActionMask = 2147483647;
			files = (
				A6E64A132C0ACEFF00553F10 /* FourskieUITestsLaunchTests.swift in Sources */,
				A6E64A112C0ACEFF00553F10 /* FourskieUITests.swift in Sources */,
			);
			runOnlyForDeploymentPostprocessing = 0;
		};
/* End PBXSourcesBuildPhase section */

/* Begin PBXTargetDependency section */
		A6E64A042C0ACEFF00553F10 /* PBXTargetDependency */ = {
			isa = PBXTargetDependency;
			target = A6E649EF2C0ACEFE00553F10 /* Fourskie */;
			targetProxy = A6E64A032C0ACEFF00553F10 /* PBXContainerItemProxy */;
		};
		A6E64A0E2C0ACEFF00553F10 /* PBXTargetDependency */ = {
			isa = PBXTargetDependency;
			target = A6E649EF2C0ACEFE00553F10 /* Fourskie */;
			targetProxy = A6E64A0D2C0ACEFF00553F10 /* PBXContainerItemProxy */;
		};
/* End PBXTargetDependency section */

/* Begin XCBuildConfiguration section */
		A6E64A142C0ACEFF00553F10 /* Debug */ = {
			isa = XCBuildConfiguration;
			buildSettings = {
				ALWAYS_SEARCH_USER_PATHS = NO;
				ASSETCATALOG_COMPILER_GENERATE_SWIFT_ASSET_SYMBOL_EXTENSIONS = YES;
				CLANG_ANALYZER_NONNULL = YES;
				CLANG_ANALYZER_NUMBER_OBJECT_CONVERSION = YES_AGGRESSIVE;
				CLANG_CXX_LANGUAGE_STANDARD = "gnu++20";
				CLANG_ENABLE_MODULES = YES;
				CLANG_ENABLE_OBJC_ARC = YES;
				CLANG_ENABLE_OBJC_WEAK = YES;
				CLANG_WARN_BLOCK_CAPTURE_AUTORELEASING = YES;
				CLANG_WARN_BOOL_CONVERSION = YES;
				CLANG_WARN_COMMA = YES;
				CLANG_WARN_CONSTANT_CONVERSION = YES;
				CLANG_WARN_DEPRECATED_OBJC_IMPLEMENTATIONS = YES;
				CLANG_WARN_DIRECT_OBJC_ISA_USAGE = YES_ERROR;
				CLANG_WARN_DOCUMENTATION_COMMENTS = YES;
				CLANG_WARN_EMPTY_BODY = YES;
				CLANG_WARN_ENUM_CONVERSION = YES;
				CLANG_WARN_INFINITE_RECURSION = YES;
				CLANG_WARN_INT_CONVERSION = YES;
				CLANG_WARN_NON_LITERAL_NULL_CONVERSION = YES;
				CLANG_WARN_OBJC_IMPLICIT_RETAIN_SELF = YES;
				CLANG_WARN_OBJC_LITERAL_CONVERSION = YES;
				CLANG_WARN_OBJC_ROOT_CLASS = YES_ERROR;
				CLANG_WARN_QUOTED_INCLUDE_IN_FRAMEWORK_HEADER = YES;
				CLANG_WARN_RANGE_LOOP_ANALYSIS = YES;
				CLANG_WARN_STRICT_PROTOTYPES = YES;
				CLANG_WARN_SUSPICIOUS_MOVE = YES;
				CLANG_WARN_UNGUARDED_AVAILABILITY = YES_AGGRESSIVE;
				CLANG_WARN_UNREACHABLE_CODE = YES;
				CLANG_WARN__DUPLICATE_METHOD_MATCH = YES;
				COPY_PHASE_STRIP = NO;
				DEBUG_INFORMATION_FORMAT = dwarf;
				ENABLE_STRICT_OBJC_MSGSEND = YES;
				ENABLE_TESTABILITY = YES;
				ENABLE_USER_SCRIPT_SANDBOXING = YES;
				GCC_C_LANGUAGE_STANDARD = gnu17;
				GCC_DYNAMIC_NO_PIC = NO;
				GCC_NO_COMMON_BLOCKS = YES;
				GCC_OPTIMIZATION_LEVEL = 0;
				GCC_PREPROCESSOR_DEFINITIONS = (
					"DEBUG=1",
					"$(inherited)",
				);
				GCC_WARN_64_TO_32_BIT_CONVERSION = YES;
				GCC_WARN_ABOUT_RETURN_TYPE = YES_ERROR;
				GCC_WARN_UNDECLARED_SELECTOR = YES;
				GCC_WARN_UNINITIALIZED_AUTOS = YES_AGGRESSIVE;
				GCC_WARN_UNUSED_FUNCTION = YES;
				GCC_WARN_UNUSED_VARIABLE = YES;
				IPHONEOS_DEPLOYMENT_TARGET = 17.5;
				LOCALIZATION_PREFERS_STRING_CATALOGS = YES;
				MTL_ENABLE_DEBUG_INFO = INCLUDE_SOURCE;
				MTL_FAST_MATH = YES;
				ONLY_ACTIVE_ARCH = YES;
				SDKROOT = iphoneos;
				SWIFT_ACTIVE_COMPILATION_CONDITIONS = "DEBUG $(inherited)";
				SWIFT_OPTIMIZATION_LEVEL = "-Onone";
			};
			name = Debug;
		};
		A6E64A152C0ACEFF00553F10 /* Release */ = {
			isa = XCBuildConfiguration;
			buildSettings = {
				ALWAYS_SEARCH_USER_PATHS = NO;
				ASSETCATALOG_COMPILER_GENERATE_SWIFT_ASSET_SYMBOL_EXTENSIONS = YES;
				CLANG_ANALYZER_NONNULL = YES;
				CLANG_ANALYZER_NUMBER_OBJECT_CONVERSION = YES_AGGRESSIVE;
				CLANG_CXX_LANGUAGE_STANDARD = "gnu++20";
				CLANG_ENABLE_MODULES = YES;
				CLANG_ENABLE_OBJC_ARC = YES;
				CLANG_ENABLE_OBJC_WEAK = YES;
				CLANG_WARN_BLOCK_CAPTURE_AUTORELEASING = YES;
				CLANG_WARN_BOOL_CONVERSION = YES;
				CLANG_WARN_COMMA = YES;
				CLANG_WARN_CONSTANT_CONVERSION = YES;
				CLANG_WARN_DEPRECATED_OBJC_IMPLEMENTATIONS = YES;
				CLANG_WARN_DIRECT_OBJC_ISA_USAGE = YES_ERROR;
				CLANG_WARN_DOCUMENTATION_COMMENTS = YES;
				CLANG_WARN_EMPTY_BODY = YES;
				CLANG_WARN_ENUM_CONVERSION = YES;
				CLANG_WARN_INFINITE_RECURSION = YES;
				CLANG_WARN_INT_CONVERSION = YES;
				CLANG_WARN_NON_LITERAL_NULL_CONVERSION = YES;
				CLANG_WARN_OBJC_IMPLICIT_RETAIN_SELF = YES;
				CLANG_WARN_OBJC_LITERAL_CONVERSION = YES;
				CLANG_WARN_OBJC_ROOT_CLASS = YES_ERROR;
				CLANG_WARN_QUOTED_INCLUDE_IN_FRAMEWORK_HEADER = YES;
				CLANG_WARN_RANGE_LOOP_ANALYSIS = YES;
				CLANG_WARN_STRICT_PROTOTYPES = YES;
				CLANG_WARN_SUSPICIOUS_MOVE = YES;
				CLANG_WARN_UNGUARDED_AVAILABILITY = YES_AGGRESSIVE;
				CLANG_WARN_UNREACHABLE_CODE = YES;
				CLANG_WARN__DUPLICATE_METHOD_MATCH = YES;
				COPY_PHASE_STRIP = NO;
				DEBUG_INFORMATION_FORMAT = "dwarf-with-dsym";
				ENABLE_NS_ASSERTIONS = NO;
				ENABLE_STRICT_OBJC_MSGSEND = YES;
				ENABLE_USER_SCRIPT_SANDBOXING = YES;
				GCC_C_LANGUAGE_STANDARD = gnu17;
				GCC_NO_COMMON_BLOCKS = YES;
				GCC_WARN_64_TO_32_BIT_CONVERSION = YES;
				GCC_WARN_ABOUT_RETURN_TYPE = YES_ERROR;
				GCC_WARN_UNDECLARED_SELECTOR = YES;
				GCC_WARN_UNINITIALIZED_AUTOS = YES_AGGRESSIVE;
				GCC_WARN_UNUSED_FUNCTION = YES;
				GCC_WARN_UNUSED_VARIABLE = YES;
				IPHONEOS_DEPLOYMENT_TARGET = 17.5;
				LOCALIZATION_PREFERS_STRING_CATALOGS = YES;
				MTL_ENABLE_DEBUG_INFO = NO;
				MTL_FAST_MATH = YES;
				SDKROOT = iphoneos;
				SWIFT_COMPILATION_MODE = wholemodule;
				VALIDATE_PRODUCT = YES;
			};
			name = Release;
		};
		A6E64A172C0ACEFF00553F10 /* Debug */ = {
			isa = XCBuildConfiguration;
			buildSettings = {
				ASSETCATALOG_COMPILER_APPICON_NAME = AppIcon;
				ASSETCATALOG_COMPILER_GLOBAL_ACCENT_COLOR_NAME = AccentColor;
				CODE_SIGN_STYLE = Automatic;
				CURRENT_PROJECT_VERSION = 1;
				DEVELOPMENT_ASSET_PATHS = "\"Fourskie/Preview Content\"";
				DEVELOPMENT_TEAM = Z773AM52SJ;
				ENABLE_PREVIEWS = YES;
				GENERATE_INFOPLIST_FILE = YES;
				INFOPLIST_FILE = Fourskie/Info.plist;
				INFOPLIST_KEY_NSLocationAlwaysAndWhenInUseUsageDescription = "To add to your personal location history";
				INFOPLIST_KEY_NSLocationWhenInUseUsageDescription = "To add to your personal location history";
				INFOPLIST_KEY_UIApplicationSceneManifest_Generation = YES;
				INFOPLIST_KEY_UIApplicationSupportsIndirectInputEvents = YES;
				INFOPLIST_KEY_UILaunchScreen_Generation = YES;
				INFOPLIST_KEY_UISupportedInterfaceOrientations_iPad = "UIInterfaceOrientationPortrait UIInterfaceOrientationPortraitUpsideDown UIInterfaceOrientationLandscapeLeft UIInterfaceOrientationLandscapeRight";
				INFOPLIST_KEY_UISupportedInterfaceOrientations_iPhone = "UIInterfaceOrientationPortrait UIInterfaceOrientationLandscapeLeft UIInterfaceOrientationLandscapeRight";
				LD_RUNPATH_SEARCH_PATHS = (
					"$(inherited)",
					"@executable_path/Frameworks",
				);
				MARKETING_VERSION = 1.0;
				PRODUCT_BUNDLE_IDENTIFIER = fm.folder.Fourskie;
				PRODUCT_NAME = "$(TARGET_NAME)";
				SWIFT_EMIT_LOC_STRINGS = YES;
				SWIFT_STRICT_CONCURRENCY = complete;
				SWIFT_VERSION = 5.0;
				TARGETED_DEVICE_FAMILY = "1,2";
			};
			name = Debug;
		};
		A6E64A182C0ACEFF00553F10 /* Release */ = {
			isa = XCBuildConfiguration;
			buildSettings = {
				ASSETCATALOG_COMPILER_APPICON_NAME = AppIcon;
				ASSETCATALOG_COMPILER_GLOBAL_ACCENT_COLOR_NAME = AccentColor;
				CODE_SIGN_STYLE = Automatic;
				CURRENT_PROJECT_VERSION = 1;
				DEVELOPMENT_ASSET_PATHS = "\"Fourskie/Preview Content\"";
				DEVELOPMENT_TEAM = Z773AM52SJ;
				ENABLE_PREVIEWS = YES;
				GENERATE_INFOPLIST_FILE = YES;
				INFOPLIST_FILE = Fourskie/Info.plist;
				INFOPLIST_KEY_NSLocationAlwaysAndWhenInUseUsageDescription = "To add to your personal location history";
				INFOPLIST_KEY_NSLocationWhenInUseUsageDescription = "To add to your personal location history";
				INFOPLIST_KEY_UIApplicationSceneManifest_Generation = YES;
				INFOPLIST_KEY_UIApplicationSupportsIndirectInputEvents = YES;
				INFOPLIST_KEY_UILaunchScreen_Generation = YES;
				INFOPLIST_KEY_UISupportedInterfaceOrientations_iPad = "UIInterfaceOrientationPortrait UIInterfaceOrientationPortraitUpsideDown UIInterfaceOrientationLandscapeLeft UIInterfaceOrientationLandscapeRight";
				INFOPLIST_KEY_UISupportedInterfaceOrientations_iPhone = "UIInterfaceOrientationPortrait UIInterfaceOrientationLandscapeLeft UIInterfaceOrientationLandscapeRight";
				LD_RUNPATH_SEARCH_PATHS = (
					"$(inherited)",
					"@executable_path/Frameworks",
				);
				MARKETING_VERSION = 1.0;
				PRODUCT_BUNDLE_IDENTIFIER = fm.folder.Fourskie;
				PRODUCT_NAME = "$(TARGET_NAME)";
				SWIFT_EMIT_LOC_STRINGS = YES;
				SWIFT_STRICT_CONCURRENCY = complete;
				SWIFT_VERSION = 5.0;
				TARGETED_DEVICE_FAMILY = "1,2";
			};
			name = Release;
		};
		A6E64A1A2C0ACEFF00553F10 /* Debug */ = {
			isa = XCBuildConfiguration;
			buildSettings = {
				ALWAYS_EMBED_SWIFT_STANDARD_LIBRARIES = YES;
				BUNDLE_LOADER = "$(TEST_HOST)";
				CODE_SIGN_STYLE = Automatic;
				CURRENT_PROJECT_VERSION = 1;
				DEVELOPMENT_TEAM = Z773AM52SJ;
				GENERATE_INFOPLIST_FILE = YES;
				IPHONEOS_DEPLOYMENT_TARGET = 17.5;
				MARKETING_VERSION = 1.0;
				PRODUCT_BUNDLE_IDENTIFIER = fm.folder.FourskieTests;
				PRODUCT_NAME = "$(TARGET_NAME)";
				SWIFT_EMIT_LOC_STRINGS = NO;
				SWIFT_VERSION = 5.0;
				TARGETED_DEVICE_FAMILY = "1,2";
				TEST_HOST = "$(BUILT_PRODUCTS_DIR)/Fourskie.app/$(BUNDLE_EXECUTABLE_FOLDER_PATH)/Fourskie";
			};
			name = Debug;
		};
		A6E64A1B2C0ACEFF00553F10 /* Release */ = {
			isa = XCBuildConfiguration;
			buildSettings = {
				ALWAYS_EMBED_SWIFT_STANDARD_LIBRARIES = YES;
				BUNDLE_LOADER = "$(TEST_HOST)";
				CODE_SIGN_STYLE = Automatic;
				CURRENT_PROJECT_VERSION = 1;
				DEVELOPMENT_TEAM = Z773AM52SJ;
				GENERATE_INFOPLIST_FILE = YES;
				IPHONEOS_DEPLOYMENT_TARGET = 17.5;
				MARKETING_VERSION = 1.0;
				PRODUCT_BUNDLE_IDENTIFIER = fm.folder.FourskieTests;
				PRODUCT_NAME = "$(TARGET_NAME)";
				SWIFT_EMIT_LOC_STRINGS = NO;
				SWIFT_VERSION = 5.0;
				TARGETED_DEVICE_FAMILY = "1,2";
				TEST_HOST = "$(BUILT_PRODUCTS_DIR)/Fourskie.app/$(BUNDLE_EXECUTABLE_FOLDER_PATH)/Fourskie";
			};
			name = Release;
		};
		A6E64A1D2C0ACEFF00553F10 /* Debug */ = {
			isa = XCBuildConfiguration;
			buildSettings = {
				ALWAYS_EMBED_SWIFT_STANDARD_LIBRARIES = YES;
				CODE_SIGN_STYLE = Automatic;
				CURRENT_PROJECT_VERSION = 1;
				DEVELOPMENT_TEAM = Z773AM52SJ;
				GENERATE_INFOPLIST_FILE = YES;
				MARKETING_VERSION = 1.0;
				PRODUCT_BUNDLE_IDENTIFIER = fm.folder.FourskieUITests;
				PRODUCT_NAME = "$(TARGET_NAME)";
				SWIFT_EMIT_LOC_STRINGS = NO;
				SWIFT_VERSION = 5.0;
				TARGETED_DEVICE_FAMILY = "1,2";
				TEST_TARGET_NAME = Fourskie;
			};
			name = Debug;
		};
		A6E64A1E2C0ACEFF00553F10 /* Release */ = {
			isa = XCBuildConfiguration;
			buildSettings = {
				ALWAYS_EMBED_SWIFT_STANDARD_LIBRARIES = YES;
				CODE_SIGN_STYLE = Automatic;
				CURRENT_PROJECT_VERSION = 1;
				DEVELOPMENT_TEAM = Z773AM52SJ;
				GENERATE_INFOPLIST_FILE = YES;
				MARKETING_VERSION = 1.0;
				PRODUCT_BUNDLE_IDENTIFIER = fm.folder.FourskieUITests;
				PRODUCT_NAME = "$(TARGET_NAME)";
				SWIFT_EMIT_LOC_STRINGS = NO;
				SWIFT_VERSION = 5.0;
				TARGETED_DEVICE_FAMILY = "1,2";
				TEST_TARGET_NAME = Fourskie;
			};
			name = Release;
		};
/* End XCBuildConfiguration section */

/* Begin XCConfigurationList section */
		A6E649EB2C0ACEFE00553F10 /* Build configuration list for PBXProject "Fourskie" */ = {
			isa = XCConfigurationList;
			buildConfigurations = (
				A6E64A142C0ACEFF00553F10 /* Debug */,
				A6E64A152C0ACEFF00553F10 /* Release */,
			);
			defaultConfigurationIsVisible = 0;
			defaultConfigurationName = Release;
		};
		A6E64A162C0ACEFF00553F10 /* Build configuration list for PBXNativeTarget "Fourskie" */ = {
			isa = XCConfigurationList;
			buildConfigurations = (
				A6E64A172C0ACEFF00553F10 /* Debug */,
				A6E64A182C0ACEFF00553F10 /* Release */,
			);
			defaultConfigurationIsVisible = 0;
			defaultConfigurationName = Release;
		};
		A6E64A192C0ACEFF00553F10 /* Build configuration list for PBXNativeTarget "FourskieTests" */ = {
			isa = XCConfigurationList;
			buildConfigurations = (
				A6E64A1A2C0ACEFF00553F10 /* Debug */,
				A6E64A1B2C0ACEFF00553F10 /* Release */,
			);
			defaultConfigurationIsVisible = 0;
			defaultConfigurationName = Release;
		};
		A6E64A1C2C0ACEFF00553F10 /* Build configuration list for PBXNativeTarget "FourskieUITests" */ = {
			isa = XCConfigurationList;
			buildConfigurations = (
				A6E64A1D2C0ACEFF00553F10 /* Debug */,
				A6E64A1E2C0ACEFF00553F10 /* Release */,
			);
			defaultConfigurationIsVisible = 0;
			defaultConfigurationName = Release;
		};
/* End XCConfigurationList section */

/* Begin XCLocalSwiftPackageReference section */
		A64DD77C2C10D2B9004FF084 /* XCLocalSwiftPackageReference "FourskieServer" */ = {
			isa = XCLocalSwiftPackageReference;
			relativePath = FourskieServer;
		};
/* End XCLocalSwiftPackageReference section */

/* Begin XCRemoteSwiftPackageReference section */
		A61D9C4A2C12BEC000422715 /* XCRemoteSwiftPackageReference "Queue" */ = {
			isa = XCRemoteSwiftPackageReference;
			repositoryURL = "https://github.com/mattmassicotte/Queue";
			requirement = {
				kind = upToNextMajorVersion;
				minimumVersion = 0.1.4;
			};
		};
/* End XCRemoteSwiftPackageReference section */

/* Begin XCSwiftPackageProductDependency section */
		A61D9C4B2C12BEC000422715 /* Queue */ = {
			isa = XCSwiftPackageProductDependency;
			package = A61D9C4A2C12BEC000422715 /* XCRemoteSwiftPackageReference "Queue" */;
			productName = Queue;
		};
		A64DD77D2C10D2B9004FF084 /* LibFourskie */ = {
			isa = XCSwiftPackageProductDependency;
			productName = LibFourskie;
		};
/* End XCSwiftPackageProductDependency section */
	};
	rootObject = A6E649E82C0ACEFE00553F10 /* Project object */;
}
